{
  "version": 4,
  "terraform_version": "1.0.0",
  "serial": 15,
  "lineage": "7f8c2e31-1234-5678-9abc-def012345678",
  "outputs": {},
  "resources": [
    {
      "mode": "managed",
      "type": "vastdata_tenant",
      "name": "production",
      "provider": "provider[\"registry.terraform.io/vast-data/vastdata\"]",
      "instances": [
        {
          "schema_version": 0,
          "attributes": {
            "id": 1,
            "name": "production",
            "encryption_crn": "crn:v1:vastdata:encryption:tenant:1",
            "smb_privileged_group_sid_for_audit": null
          },
          "sensitive_attributes": [],
          "private": "bnVsbA=="
        }
      ]
    },
    {
      "mode": "managed",
      "type": "vastdata_view_policy",
      "name": "nfs_policy",
      "provider": "provider[\"registry.terraform.io/vast-data/vastdata\"]",
      "instances": [
        {
          "schema_version": 0,
          "attributes": {
            "id": 2,
            "name": "nfs-default",
            "flavor": "NFS",
            "tenant_id": 1,
            "nfs_no_squash": ["10.0.0.0/8"],
            "protocols_audit": null
          }
        }
      ]
    },
    {
      "mode": "managed",
      "type": "vastdata_view",
      "name": "data_view",
      "provider": "provider[\"registry.terraform.io/vast-data/vastdata\"]",
      "instances": [
        {
          "schema_version": 0,
          "attributes": {
            "id": 10,
            "path": "/data",
            "policy_id": 2,
            "tenant_id": 1,
            "tenant_name": null,
            "create_dir": true,
            "protocols": ["NFS", "SMB"]
          }
        }
      ]
    },
    {
      "mode": "managed",
      "type": "vastdata_quota",
      "name": "project_quota",
      "provider": "provider[\"registry.terraform.io/vast-data/vastdata\"]",
      "instances": [
        {
          "schema_version": 0,
          "attributes": {
            "id": 5,
            "name": "project-quota",
            "path": "/data/project1",
            "tenant_id": 1,
            "hard_limit": 1000000000000,
            "soft_limit": 900000000000
          }
        }
      ]
    },
    {
      "mode": "managed",
      "type": "vastdata_nonlocal_user",
      "name": "ldap_admin",
      "provider": "provider[\"registry.terraform.io/vast-data/vastdata\"]",
      "instances": [
        {
          "schema_version": 0,
          "attributes": {
            "username": "admin",
            "context": "ldap",
            "tenant_id": 1,
            "uid": 1000,
            "gid": 1000,
            "leading_gid": 1000
          }
        }
      ]
    },
    {
      "mode": "managed",
      "type": "vastdata_nonlocal_group",
      "name": "ldap_admins",
      "provider": "provider[\"registry.terraform.io/vast-data/vastdata\"]",
      "instances": [
        {
          "schema_version": 0,
          "attributes": {
            "groupname": "admins",
            "context": "ldap",
            "tenant_id": 1,
            "gid": 1000
          }
        }
      ]
    },
    {
      "mode": "data",
      "type": "vastdata_vip_pool",
      "name": "default_pool",
      "provider": "provider[\"registry.terraform.io/vast-data/vastdata\"]",
      "instances": [
        {
          "schema_version": 0,
          "attributes": {
            "id": 1,
            "name": "default",
            "subnet_cidr": "10.0.0.0/24"
          }
        }
      ]
    }
  ]
}

